// !$*UTF8*$!
{
	archiveVersion = 1;
	classes = {
	};
	objectVersion = 56;
	objects = {

/* Begin PBXBuildFile section */
		9275524A2ACCCAC8006EA25B /* Realm in Frameworks */ = {isa = PBXBuildFile; productRef = 927552492ACCCAC8006EA25B /* Realm */; };
		9275524C2ACCCAC8006EA25B /* RealmSwift in Frameworks */ = {isa = PBXBuildFile; productRef = 9275524B2ACCCAC8006EA25B /* RealmSwift */; };
		92FB8BA82ABD067600222001 /* PDTampaApp.swift in Sources */ = {isa = PBXBuildFile; fileRef = 92FB8BA72ABD067600222001 /* PDTampaApp.swift */; };
		92FB8BAA2ABD067600222001 /* ContentView.swift in Sources */ = {isa = PBXBuildFile; fileRef = 92FB8BA92ABD067600222001 /* ContentView.swift */; };
		92FB8BAC2ABD067600222001 /* Assets.xcassets in Resources */ = {isa = PBXBuildFile; fileRef = 92FB8BAB2ABD067600222001 /* Assets.xcassets */; };
		92FB8BAF2ABD067600222001 /* Preview Assets.xcassets in Resources */ = {isa = PBXBuildFile; fileRef = 92FB8BAE2ABD067600222001 /* Preview Assets.xcassets */; };
		92FB8BB92ABD067700222001 /* PDTampaTests.swift in Sources */ = {isa = PBXBuildFile; fileRef = 92FB8BB82ABD067700222001 /* PDTampaTests.swift */; };
		92FB8BC32ABD067700222001 /* PDTampaUITests.swift in Sources */ = {isa = PBXBuildFile; fileRef = 92FB8BC22ABD067700222001 /* PDTampaUITests.swift */; };
		92FB8BC52ABD067700222001 /* PDTampaUITestsLaunchTests.swift in Sources */ = {isa = PBXBuildFile; fileRef = 92FB8BC42ABD067700222001 /* PDTampaUITestsLaunchTests.swift */; };
/* End PBXBuildFile section */

/* Begin PBXContainerItemProxy section */
		92FB8BB52ABD067700222001 /* PBXContainerItemProxy */ = {
			isa = PBXContainerItemProxy;
			containerPortal = 92FB8B9C2ABD067600222001 /* Project object */;
			proxyType = 1;
			remoteGlobalIDString = 92FB8BA32ABD067600222001;
			remoteInfo = PDTampa;
		};
		92FB8BBF2ABD067700222001 /* PBXContainerItemProxy */ = {
			isa = PBXContainerItemProxy;
			containerPortal = 92FB8B9C2ABD067600222001 /* Project object */;
			proxyType = 1;
			remoteGlobalIDString = 92FB8BA32ABD067600222001;
			remoteInfo = PDTampa;
		};
/* End PBXContainerItemProxy section */

/* Begin PBXFileReference section */
		92FB8BA42ABD067600222001 /* PDTampa.app */ = {isa = PBXFileReference; explicitFileType = wrapper.application; includeInIndex = 0; path = PDTampa.app; sourceTree = BUILT_PRODUCTS_DIR; };
		92FB8BA72ABD067600222001 /* PDTampaApp.swift */ = {isa = PBXFileReference; lastKnownFileType = sourcecode.swift; path = PDTampaApp.swift; sourceTree = "<group>"; };
		92FB8BA92ABD067600222001 /* ContentView.swift */ = {isa = PBXFileReference; lastKnownFileType = sourcecode.swift; path = ContentView.swift; sourceTree = "<group>"; };
		92FB8BAB2ABD067600222001 /* Assets.xcassets */ = {isa = PBXFileReference; lastKnownFileType = folder.assetcatalog; path = Assets.xcassets; sourceTree = "<group>"; };
		92FB8BAE2ABD067600222001 /* Preview Assets.xcassets */ = {isa = PBXFileReference; lastKnownFileType = folder.assetcatalog; path = "Preview Assets.xcassets"; sourceTree = "<group>"; };
		92FB8BB42ABD067700222001 /* PDTampaTests.xctest */ = {isa = PBXFileReference; explicitFileType = wrapper.cfbundle; includeInIndex = 0; path = PDTampaTests.xctest; sourceTree = BUILT_PRODUCTS_DIR; };
		92FB8BB82ABD067700222001 /* PDTampaTests.swift */ = {isa = PBXFileReference; lastKnownFileType = sourcecode.swift; path = PDTampaTests.swift; sourceTree = "<group>"; };
		92FB8BBE2ABD067700222001 /* PDTampaUITests.xctest */ = {isa = PBXFileReference; explicitFileType = wrapper.cfbundle; includeInIndex = 0; path = PDTampaUITests.xctest; sourceTree = BUILT_PRODUCTS_DIR; };
		92FB8BC22ABD067700222001 /* PDTampaUITests.swift */ = {isa = PBXFileReference; lastKnownFileType = sourcecode.swift; path = PDTampaUITests.swift; sourceTree = "<group>"; };
		92FB8BC42ABD067700222001 /* PDTampaUITestsLaunchTests.swift */ = {isa = PBXFileReference; lastKnownFileType = sourcecode.swift; path = PDTampaUITestsLaunchTests.swift; sourceTree = "<group>"; };
/* End PBXFileReference section */

/* Begin PBXFrameworksBuildPhase section */
		92FB8BA12ABD067600222001 /* Frameworks */ = {
			isa = PBXFrameworksBuildPhase;
			buildActionMask = 2147483647;
			files = (
				9275524C2ACCCAC8006EA25B /* RealmSwift in Frameworks */,
				9275524A2ACCCAC8006EA25B /* Realm in Frameworks */,
			);
			runOnlyForDeploymentPostprocessing = 0;
		};
		92FB8BB12ABD067700222001 /* Frameworks */ = {
			isa = PBXFrameworksBuildPhase;
			buildActionMask = 2147483647;
			files = (
			);
			runOnlyForDeploymentPostprocessing = 0;
		};
		92FB8BBB2ABD067700222001 /* Frameworks */ = {
			isa = PBXFrameworksBuildPhase;
			buildActionMask = 2147483647;
			files = (
			);
			runOnlyForDeploymentPostprocessing = 0;
		};
/* End PBXFrameworksBuildPhase section */

/* Begin PBXGroup section */
		92FB8B9B2ABD067600222001 = {
			isa = PBXGroup;
			children = (
				92FB8BA62ABD067600222001 /* PDTampa */,
				92FB8BB72ABD067700222001 /* PDTampaTests */,
				92FB8BC12ABD067700222001 /* PDTampaUITests */,
				92FB8BA52ABD067600222001 /* Products */,
			);
			sourceTree = "<group>";
		};
		92FB8BA52ABD067600222001 /* Products */ = {
			isa = PBXGroup;
			children = (
				92FB8BA42ABD067600222001 /* PDTampa.app */,
				92FB8BB42ABD067700222001 /* PDTampaTests.xctest */,
				92FB8BBE2ABD067700222001 /* PDTampaUITests.xctest */,
			);
			name = Products;
			sourceTree = "<group>";
		};
		92FB8BA62ABD067600222001 /* PDTampa */ = {
			isa = PBXGroup;
			children = (
				92FB8BA72ABD067600222001 /* PDTampaApp.swift */,
				92FB8BA92ABD067600222001 /* ContentView.swift */,
				92FB8BAB2ABD067600222001 /* Assets.xcassets */,
				92FB8BAD2ABD067600222001 /* Preview Content */,
			);
			path = PDTampa;
			sourceTree = "<group>";
		};
		92FB8BAD2ABD067600222001 /* Preview Content */ = {
			isa = PBXGroup;
			children = (
				92FB8BAE2ABD067600222001 /* Preview Assets.xcassets */,
			);
			path = "Preview Content";
			sourceTree = "<group>";
		};
		92FB8BB72ABD067700222001 /* PDTampaTests */ = {
			isa = PBXGroup;
			children = (
				92FB8BB82ABD067700222001 /* PDTampaTests.swift */,
			);
			path = PDTampaTests;
			sourceTree = "<group>";
		};
		92FB8BC12ABD067700222001 /* PDTampaUITests */ = {
			isa = PBXGroup;
			children = (
				92FB8BC22ABD067700222001 /* PDTampaUITests.swift */,
				92FB8BC42ABD067700222001 /* PDTampaUITestsLaunchTests.swift */,
			);
			path = PDTampaUITests;
			sourceTree = "<group>";
		};
/* End PBXGroup section */

/* Begin PBXNativeTarget section */
		92FB8BA32ABD067600222001 /* PDTampa */ = {
			isa = PBXNativeTarget;
			buildConfigurationList = 92FB8BC82ABD067700222001 /* Build configuration list for PBXNativeTarget "PDTampa" */;
			buildPhases = (
				92FB8BA02ABD067600222001 /* Sources */,
				92FB8BA12ABD067600222001 /* Frameworks */,
				92FB8BA22ABD067600222001 /* Resources */,
			);
			buildRules = (
			);
			dependencies = (
			);
			name = PDTampa;
			packageProductDependencies = (
				927552492ACCCAC8006EA25B /* Realm */,
				9275524B2ACCCAC8006EA25B /* RealmSwift */,
			);
			productName = PDTampa;
			productReference = 92FB8BA42ABD067600222001 /* PDTampa.app */;
			productType = "com.apple.product-type.application";
		};
		92FB8BB32ABD067700222001 /* PDTampaTests */ = {
			isa = PBXNativeTarget;
			buildConfigurationList = 92FB8BCB2ABD067700222001 /* Build configuration list for PBXNativeTarget "PDTampaTests" */;
			buildPhases = (
				92FB8BB02ABD067700222001 /* Sources */,
				92FB8BB12ABD067700222001 /* Frameworks */,
				92FB8BB22ABD067700222001 /* Resources */,
			);
			buildRules = (
			);
			dependencies = (
				92FB8BB62ABD067700222001 /* PBXTargetDependency */,
			);
			name = PDTampaTests;
			productName = PDTampaTests;
			productReference = 92FB8BB42ABD067700222001 /* PDTampaTests.xctest */;
			productType = "com.apple.product-type.bundle.unit-test";
		};
		92FB8BBD2ABD067700222001 /* PDTampaUITests */ = {
			isa = PBXNativeTarget;
			buildConfigurationList = 92FB8BCE2ABD067700222001 /* Build configuration list for PBXNativeTarget "PDTampaUITests" */;
			buildPhases = (
				92FB8BBA2ABD067700222001 /* Sources */,
				92FB8BBB2ABD067700222001 /* Frameworks */,
				92FB8BBC2ABD067700222001 /* Resources */,
			);
			buildRules = (
			);
			dependencies = (
				92FB8BC02ABD067700222001 /* PBXTargetDependency */,
			);
			name = PDTampaUITests;
			productName = PDTampaUITests;
			productReference = 92FB8BBE2ABD067700222001 /* PDTampaUITests.xctest */;
			productType = "com.apple.product-type.bundle.ui-testing";
		};
/* End PBXNativeTarget section */

/* Begin PBXProject section */
		92FB8B9C2ABD067600222001 /* Project object */ = {
			isa = PBXProject;
			attributes = {
				BuildIndependentTargetsInParallel = 1;
				LastSwiftUpdateCheck = 1500;
				LastUpgradeCheck = 1500;
				TargetAttributes = {
					92FB8BA32ABD067600222001 = {
						CreatedOnToolsVersion = 15.0;
					};
					92FB8BB32ABD067700222001 = {
						CreatedOnToolsVersion = 15.0;
						TestTargetID = 92FB8BA32ABD067600222001;
					};
					92FB8BBD2ABD067700222001 = {
						CreatedOnToolsVersion = 15.0;
						TestTargetID = 92FB8BA32ABD067600222001;
					};
				};
			};
			buildConfigurationList = 92FB8B9F2ABD067600222001 /* Build configuration list for PBXProject "PDTampa" */;
			compatibilityVersion = "Xcode 14.0";
			developmentRegion = en;
			hasScannedForEncodings = 0;
			knownRegions = (
				en,
				Base,
			);
			mainGroup = 92FB8B9B2ABD067600222001;
			packageReferences = (
				927552482ACCCAC8006EA25B /* XCRemoteSwiftPackageReference "realm-cocoa" */,
			);
			productRefGroup = 92FB8BA52ABD067600222001 /* Products */;
			projectDirPath = "";
			projectRoot = "";
			targets = (
				92FB8BA32ABD067600222001 /* PDTampa */,
				92FB8BB32ABD067700222001 /* PDTampaTests */,
				92FB8BBD2ABD067700222001 /* PDTampaUITests */,
			);
		};
/* End PBXProject section */

/* Begin PBXResourcesBuildPhase section */
		92FB8BA22ABD067600222001 /* Resources */ = {
			isa = PBXResourcesBuildPhase;
			buildActionMask = 2147483647;
			files = (
				92FB8BAF2ABD067600222001 /* Preview Assets.xcassets in Resources */,
				92FB8BAC2ABD067600222001 /* Assets.xcassets in Resources */,
			);
			runOnlyForDeploymentPostprocessing = 0;
		};
		92FB8BB22ABD067700222001 /* Resources */ = {
			isa = PBXResourcesBuildPhase;
			buildActionMask = 2147483647;
			files = (
			);
			runOnlyForDeploymentPostprocessing = 0;
		};
		92FB8BBC2ABD067700222001 /* Resources */ = {
			isa = PBXResourcesBuildPhase;
			buildActionMask = 2147483647;
			files = (
			);
			runOnlyForDeploymentPostprocessing = 0;
		};
/* End PBXResourcesBuildPhase section */

/* Begin PBXSourcesBuildPhase section */
		92FB8BA02ABD067600222001 /* Sources */ = {
			isa = PBXSourcesBuildPhase;
			buildActionMask = 2147483647;
			files = (
				92FB8BAA2ABD067600222001 /* ContentView.swift in Sources */,
				92FB8BA82ABD067600222001 /* PDTampaApp.swift in Sources */,
			);
			runOnlyForDeploymentPostprocessing = 0;
		};
		92FB8BB02ABD067700222001 /* Sources */ = {
			isa = PBXSourcesBuildPhase;
			buildActionMask = 2147483647;
			files = (
				92FB8BB92ABD067700222001 /* PDTampaTests.swift in Sources */,
			);
			runOnlyForDeploymentPostprocessing = 0;
		};
		92FB8BBA2ABD067700222001 /* Sources */ = {
			isa = PBXSourcesBuildPhase;
			buildActionMask = 2147483647;
			files = (
				92FB8BC52ABD067700222001 /* PDTampaUITestsLaunchTests.swift in Sources */,
				92FB8BC32ABD067700222001 /* PDTampaUITests.swift in Sources */,
			);
			runOnlyForDeploymentPostprocessing = 0;
		};
/* End PBXSourcesBuildPhase section */

/* Begin PBXTargetDependency section */
		92FB8BB62ABD067700222001 /* PBXTargetDependency */ = {
			isa = PBXTargetDependency;
			target = 92FB8BA32ABD067600222001 /* PDTampa */;
			targetProxy = 92FB8BB52ABD067700222001 /* PBXContainerItemProxy */;
		};
		92FB8BC02ABD067700222001 /* PBXTargetDependency */ = {
			isa = PBXTargetDependency;
			target = 92FB8BA32ABD067600222001 /* PDTampa */;
			targetProxy = 92FB8BBF2ABD067700222001 /* PBXContainerItemProxy */;
		};
/* End PBXTargetDependency section */

/* Begin XCBuildConfiguration section */
		92FB8BC62ABD067700222001 /* Debug */ = {
			isa = XCBuildConfiguration;
			buildSettings = {
				ALWAYS_SEARCH_USER_PATHS = NO;
				ASSETCATALOG_COMPILER_GENERATE_SWIFT_ASSET_SYMBOL_EXTENSIONS = YES;
				CLANG_ANALYZER_NONNULL = YES;
				CLANG_ANALYZER_NUMBER_OBJECT_CONVERSION = YES_AGGRESSIVE;
				CLANG_CXX_LANGUAGE_STANDARD = "gnu++20";
				CLANG_ENABLE_MODULES = YES;
				CLANG_ENABLE_OBJC_ARC = YES;
				CLANG_ENABLE_OBJC_WEAK = YES;
				CLANG_WARN_BLOCK_CAPTURE_AUTORELEASING = YES;
				CLANG_WARN_BOOL_CONVERSION = YES;
				CLANG_WARN_COMMA = YES;
				CLANG_WARN_CONSTANT_CONVERSION = YES;
				CLANG_WARN_DEPRECATED_OBJC_IMPLEMENTATIONS = YES;
				CLANG_WARN_DIRECT_OBJC_ISA_USAGE = YES_ERROR;
				CLANG_WARN_DOCUMENTATION_COMMENTS = YES;
				CLANG_WARN_EMPTY_BODY = YES;
				CLANG_WARN_ENUM_CONVERSION = YES;
				CLANG_WARN_INFINITE_RECURSION = YES;
				CLANG_WARN_INT_CONVERSION = YES;
				CLANG_WARN_NON_LITERAL_NULL_CONVERSION = YES;
				CLANG_WARN_OBJC_IMPLICIT_RETAIN_SELF = YES;
				CLANG_WARN_OBJC_LITERAL_CONVERSION = YES;
				CLANG_WARN_OBJC_ROOT_CLASS = YES_ERROR;
				CLANG_WARN_QUOTED_INCLUDE_IN_FRAMEWORK_HEADER = YES;
				CLANG_WARN_RANGE_LOOP_ANALYSIS = YES;
				CLANG_WARN_STRICT_PROTOTYPES = YES;
				CLANG_WARN_SUSPICIOUS_MOVE = YES;
				CLANG_WARN_UNGUARDED_AVAILABILITY = YES_AGGRESSIVE;
				CLANG_WARN_UNREACHABLE_CODE = YES;
				CLANG_WARN__DUPLICATE_METHOD_MATCH = YES;
				COPY_PHASE_STRIP = NO;
				DEBUG_INFORMATION_FORMAT = dwarf;
				ENABLE_STRICT_OBJC_MSGSEND = YES;
				ENABLE_TESTABILITY = YES;
				ENABLE_USER_SCRIPT_SANDBOXING = YES;
				GCC_C_LANGUAGE_STANDARD = gnu17;
				GCC_DYNAMIC_NO_PIC = NO;
				GCC_NO_COMMON_BLOCKS = YES;
				GCC_OPTIMIZATION_LEVEL = 0;
				GCC_PREPROCESSOR_DEFINITIONS = (
					"DEBUG=1",
					"$(inherited)",
				);
				GCC_WARN_64_TO_32_BIT_CONVERSION = YES;
				GCC_WARN_ABOUT_RETURN_TYPE = YES_ERROR;
				GCC_WARN_UNDECLARED_SELECTOR = YES;
				GCC_WARN_UNINITIALIZED_AUTOS = YES_AGGRESSIVE;
				GCC_WARN_UNUSED_FUNCTION = YES;
				GCC_WARN_UNUSED_VARIABLE = YES;
				IPHONEOS_DEPLOYMENT_TARGET = 14.0;
				LOCALIZATION_PREFERS_STRING_CATALOGS = YES;
				MTL_ENABLE_DEBUG_INFO = INCLUDE_SOURCE;
				MTL_FAST_MATH = YES;
				ONLY_ACTIVE_ARCH = YES;
				SDKROOT = iphoneos;
				SWIFT_ACTIVE_COMPILATION_CONDITIONS = "DEBUG $(inherited)";
				SWIFT_OPTIMIZATION_LEVEL = "-Onone";
			};
			name = Debug;
		};
		92FB8BC72ABD067700222001 /* Release */ = {
			isa = XCBuildConfiguration;
			buildSettings = {
				ALWAYS_SEARCH_USER_PATHS = NO;
				ASSETCATALOG_COMPILER_GENERATE_SWIFT_ASSET_SYMBOL_EXTENSIONS = YES;
				CLANG_ANALYZER_NONNULL = YES;
				CLANG_ANALYZER_NUMBER_OBJECT_CONVERSION = YES_AGGRESSIVE;
				CLANG_CXX_LANGUAGE_STANDARD = "gnu++20";
				CLANG_ENABLE_MODULES = YES;
				CLANG_ENABLE_OBJC_ARC = YES;
				CLANG_ENABLE_OBJC_WEAK = YES;
				CLANG_WARN_BLOCK_CAPTURE_AUTORELEASING = YES;
				CLANG_WARN_BOOL_CONVERSION = YES;
				CLANG_WARN_COMMA = YES;
				CLANG_WARN_CONSTANT_CONVERSION = YES;
				CLANG_WARN_DEPRECATED_OBJC_IMPLEMENTATIONS = YES;
				CLANG_WARN_DIRECT_OBJC_ISA_USAGE = YES_ERROR;
				CLANG_WARN_DOCUMENTATION_COMMENTS = YES;
				CLANG_WARN_EMPTY_BODY = YES;
				CLANG_WARN_ENUM_CONVERSION = YES;
				CLANG_WARN_INFINITE_RECURSION = YES;
				CLANG_WARN_INT_CONVERSION = YES;
				CLANG_WARN_NON_LITERAL_NULL_CONVERSION = YES;
				CLANG_WARN_OBJC_IMPLICIT_RETAIN_SELF = YES;
				CLANG_WARN_OBJC_LITERAL_CONVERSION = YES;
				CLANG_WARN_OBJC_ROOT_CLASS = YES_ERROR;
				CLANG_WARN_QUOTED_INCLUDE_IN_FRAMEWORK_HEADER = YES;
				CLANG_WARN_RANGE_LOOP_ANALYSIS = YES;
				CLANG_WARN_STRICT_PROTOTYPES = YES;
				CLANG_WARN_SUSPICIOUS_MOVE = YES;
				CLANG_WARN_UNGUARDED_AVAILABILITY = YES_AGGRESSIVE;
				CLANG_WARN_UNREACHABLE_CODE = YES;
				CLANG_WARN__DUPLICATE_METHOD_MATCH = YES;
				COPY_PHASE_STRIP = NO;
				DEBUG_INFORMATION_FORMAT = "dwarf-with-dsym";
				ENABLE_NS_ASSERTIONS = NO;
				ENABLE_STRICT_OBJC_MSGSEND = YES;
				ENABLE_USER_SCRIPT_SANDBOXING = YES;
				GCC_C_LANGUAGE_STANDARD = gnu17;
				GCC_NO_COMMON_BLOCKS = YES;
				GCC_WARN_64_TO_32_BIT_CONVERSION = YES;
				GCC_WARN_ABOUT_RETURN_TYPE = YES_ERROR;
				GCC_WARN_UNDECLARED_SELECTOR = YES;
				GCC_WARN_UNINITIALIZED_AUTOS = YES_AGGRESSIVE;
				GCC_WARN_UNUSED_FUNCTION = YES;
				GCC_WARN_UNUSED_VARIABLE = YES;
				IPHONEOS_DEPLOYMENT_TARGET = 14.0;
				LOCALIZATION_PREFERS_STRING_CATALOGS = YES;
				MTL_ENABLE_DEBUG_INFO = NO;
				MTL_FAST_MATH = YES;
				SDKROOT = iphoneos;
				SWIFT_COMPILATION_MODE = wholemodule;
				VALIDATE_PRODUCT = YES;
			};
			name = Release;
		};
		92FB8BC92ABD067700222001 /* Debug */ = {
			isa = XCBuildConfiguration;
			buildSettings = {
				ASSETCATALOG_COMPILER_APPICON_NAME = AppIcon;
				ASSETCATALOG_COMPILER_GLOBAL_ACCENT_COLOR_NAME = AccentColor;
				CODE_SIGN_STYLE = Automatic;
				CURRENT_PROJECT_VERSION = 1;
				DEVELOPMENT_ASSET_PATHS = "\"PDTampa/Preview Content\"";
				DEVELOPMENT_TEAM = 66BLLM3ERE;
				ENABLE_PREVIEWS = YES;
				GENERATE_INFOPLIST_FILE = YES;
				INFOPLIST_KEY_LSApplicationCategoryType = "public.app-category.social-networking";
				INFOPLIST_KEY_UIApplicationSceneManifest_Generation = YES;
				INFOPLIST_KEY_UIApplicationSupportsIndirectInputEvents = YES;
				INFOPLIST_KEY_UILaunchScreen_Generation = YES;
				INFOPLIST_KEY_UISupportedInterfaceOrientations = "UIInterfaceOrientationLandscapeLeft UIInterfaceOrientationLandscapeRight UIInterfaceOrientationPortrait UIInterfaceOrientationPortraitUpsideDown";
				IPHONEOS_DEPLOYMENT_TARGET = 15.1;
				LD_RUNPATH_SEARCH_PATHS = (
					"$(inherited)",
					"@executable_path/Frameworks",
				);
				MARKETING_VERSION = 1.3.4;
				PRODUCT_BUNDLE_IDENTIFIER = bollineni.PDTampaofficial;
				PRODUCT_NAME = "$(TARGET_NAME)";
				SWIFT_EMIT_LOC_STRINGS = YES;
				SWIFT_VERSION = 5.0;
				TARGETED_DEVICE_FAMILY = "1,2";
			};
			name = Debug;
		};
		92FB8BCA2ABD067700222001 /* Release */ = {
			isa = XCBuildConfiguration;
			buildSettings = {
				ASSETCATALOG_COMPILER_APPICON_NAME = AppIcon;
				ASSETCATALOG_COMPILER_GLOBAL_ACCENT_COLOR_NAME = AccentColor;
				CODE_SIGN_STYLE = Automatic;
				CURRENT_PROJECT_VERSION = 1;
				DEVELOPMENT_ASSET_PATHS = "\"PDTampa/Preview Content\"";
				DEVELOPMENT_TEAM = 66BLLM3ERE;
				ENABLE_PREVIEWS = YES;
				GENERATE_INFOPLIST_FILE = YES;
				INFOPLIST_KEY_LSApplicationCategoryType = "public.app-category.social-networking";
				INFOPLIST_KEY_UIApplicationSceneManifest_Generation = YES;
				INFOPLIST_KEY_UIApplicationSupportsIndirectInputEvents = YES;
				INFOPLIST_KEY_UILaunchScreen_Generation = YES;
				INFOPLIST_KEY_UISupportedInterfaceOrientations = "UIInterfaceOrientationLandscapeLeft UIInterfaceOrientationLandscapeRight UIInterfaceOrientationPortrait UIInterfaceOrientationPortraitUpsideDown";
				IPHONEOS_DEPLOYMENT_TARGET = 15.1;
				LD_RUNPATH_SEARCH_PATHS = (
					"$(inherited)",
					"@executable_path/Frameworks",
				);
				MARKETING_VERSION = 1.3.4;
				PRODUCT_BUNDLE_IDENTIFIER = bollineni.PDTampaofficial;
				PRODUCT_NAME = "$(TARGET_NAME)";
				SWIFT_EMIT_LOC_STRINGS = YES;
				SWIFT_VERSION = 5.0;
				TARGETED_DEVICE_FAMILY = "1,2";
			};
			name = Release;
		};
		92FB8BCC2ABD067700222001 /* Debug */ = {
			isa = XCBuildConfiguration;
			buildSettings = {
				ALWAYS_EMBED_SWIFT_STANDARD_LIBRARIES = YES;
				BUNDLE_LOADER = "$(TEST_HOST)";
				CODE_SIGN_STYLE = Automatic;
				CURRENT_PROJECT_VERSION = 1;
				DEVELOPMENT_TEAM = 66BLLM3ERE;
				GENERATE_INFOPLIST_FILE = YES;
				IPHONEOS_DEPLOYMENT_TARGET = 17.0;
				MARKETING_VERSION = 1.0;
				PRODUCT_BUNDLE_IDENTIFIER = bollineni.PDTampaTests;
				PRODUCT_NAME = "$(TARGET_NAME)";
				SWIFT_EMIT_LOC_STRINGS = NO;
				SWIFT_VERSION = 5.0;
				TARGETED_DEVICE_FAMILY = "1,2";
				TEST_HOST = "$(BUILT_PRODUCTS_DIR)/PDTampa.app/$(BUNDLE_EXECUTABLE_FOLDER_PATH)/PDTampa";
			};
			name = Debug;
		};
		92FB8BCD2ABD067700222001 /* Release */ = {
			isa = XCBuildConfiguration;
			buildSettings = {
				ALWAYS_EMBED_SWIFT_STANDARD_LIBRARIES = YES;
				BUNDLE_LOADER = "$(TEST_HOST)";
				CODE_SIGN_STYLE = Automatic;
				CURRENT_PROJECT_VERSION = 1;
				DEVELOPMENT_TEAM = 66BLLM3ERE;
				GENERATE_INFOPLIST_FILE = YES;
				IPHONEOS_DEPLOYMENT_TARGET = 17.0;
				MARKETING_VERSION = 1.0;
				PRODUCT_BUNDLE_IDENTIFIER = bollineni.PDTampaTests;
				PRODUCT_NAME = "$(TARGET_NAME)";
				SWIFT_EMIT_LOC_STRINGS = NO;
				SWIFT_VERSION = 5.0;
				TARGETED_DEVICE_FAMILY = "1,2";
				TEST_HOST = "$(BUILT_PRODUCTS_DIR)/PDTampa.app/$(BUNDLE_EXECUTABLE_FOLDER_PATH)/PDTampa";
			};
			name = Release;
		};
		92FB8BCF2ABD067700222001 /* Debug */ = {
			isa = XCBuildConfiguration;
			buildSettings = {
				ALWAYS_EMBED_SWIFT_STANDARD_LIBRARIES = YES;
				CODE_SIGN_STYLE = Automatic;
				CURRENT_PROJECT_VERSION = 1;
				DEVELOPMENT_TEAM = 66BLLM3ERE;
				GENERATE_INFOPLIST_FILE = YES;
				MARKETING_VERSION = 1.0;
				PRODUCT_BUNDLE_IDENTIFIER = bollineni.PDTampaUITests;
				PRODUCT_NAME = "$(TARGET_NAME)";
				SWIFT_EMIT_LOC_STRINGS = NO;
				SWIFT_VERSION = 5.0;
				TARGETED_DEVICE_FAMILY = "1,2";
				TEST_TARGET_NAME = PDTampa;
			};
			name = Debug;
		};
		92FB8BD02ABD067700222001 /* Release */ = {
			isa = XCBuildConfiguration;
			buildSettings = {
				ALWAYS_EMBED_SWIFT_STANDARD_LIBRARIES = YES;
				CODE_SIGN_STYLE = Automatic;
				CURRENT_PROJECT_VERSION = 1;
				DEVELOPMENT_TEAM = 66BLLM3ERE;
				GENERATE_INFOPLIST_FILE = YES;
				MARKETING_VERSION = 1.0;
				PRODUCT_BUNDLE_IDENTIFIER = bollineni.PDTampaUITests;
				PRODUCT_NAME = "$(TARGET_NAME)";
				SWIFT_EMIT_LOC_STRINGS = NO;
				SWIFT_VERSION = 5.0;
				TARGETED_DEVICE_FAMILY = "1,2";
				TEST_TARGET_NAME = PDTampa;
			};
			name = Release;
		};
/* End XCBuildConfiguration section */

/* Begin XCConfigurationList section */
		92FB8B9F2ABD067600222001 /* Build configuration list for PBXProject "PDTampa" */ = {
			isa = XCConfigurationList;
			buildConfigurations = (
				92FB8BC62ABD067700222001 /* Debug */,
				92FB8BC72ABD067700222001 /* Release */,
			);
			defaultConfigurationIsVisible = 0;
			defaultConfigurationName = Release;
		};
		92FB8BC82ABD067700222001 /* Build configuration list for PBXNativeTarget "PDTampa" */ = {
			isa = XCConfigurationList;
			buildConfigurations = (
				92FB8BC92ABD067700222001 /* Debug */,
				92FB8BCA2ABD067700222001 /* Release */,
			);
			defaultConfigurationIsVisible = 0;
			defaultConfigurationName = Release;
		};
		92FB8BCB2ABD067700222001 /* Build configuration list for PBXNativeTarget "PDTampaTests" */ = {
			isa = XCConfigurationList;
			buildConfigurations = (
				92FB8BCC2ABD067700222001 /* Debug */,
				92FB8BCD2ABD067700222001 /* Release */,
			);
			defaultConfigurationIsVisible = 0;
			defaultConfigurationName = Release;
		};
		92FB8BCE2ABD067700222001 /* Build configuration list for PBXNativeTarget "PDTampaUITests" */ = {
			isa = XCConfigurationList;
			buildConfigurations = (
				92FB8BCF2ABD067700222001 /* Debug */,
				92FB8BD02ABD067700222001 /* Release */,
			);
			defaultConfigurationIsVisible = 0;
			defaultConfigurationName = Release;
		};
/* End XCConfigurationList section */

/* Begin XCRemoteSwiftPackageReference section */
		927552482ACCCAC8006EA25B /* XCRemoteSwiftPackageReference "realm-cocoa" */ = {
			isa = XCRemoteSwiftPackageReference;
			repositoryURL = "https://github.com/realm/realm-cocoa";
			requirement = {
				branch = master;
				kind = branch;
			};
		};
/* End XCRemoteSwiftPackageReference section */

/* Begin XCSwiftPackageProductDependency section */
		927552492ACCCAC8006EA25B /* Realm */ = {
			isa = XCSwiftPackageProductDependency;
			package = 927552482ACCCAC8006EA25B /* XCRemoteSwiftPackageReference "realm-cocoa" */;
			productName = Realm;
		};
		9275524B2ACCCAC8006EA25B /* RealmSwift */ = {
			isa = XCSwiftPackageProductDependency;
			package = 927552482ACCCAC8006EA25B /* XCRemoteSwiftPackageReference "realm-cocoa" */;
			productName = RealmSwift;
		};
/* End XCSwiftPackageProductDependency section */
	};
	rootObject = 92FB8B9C2ABD067600222001 /* Project object */;
}
